
Microsoft Visual Studio Solution File, Format Version 12.00
# Visual Studio Version 17
VisualStudioVersion = 17.11.35222.181
MinimumVisualStudioVersion = 10.0.40219.1
Project("{FAE04EC0-301F-11D3-BF4B-00C04F79EFBC}") = "InventoryManagementSystemWithGenerics", "InventoryManagementSystemWithGenerics\InventoryManagementSystemWithGenerics.csproj", "{30B27481-CE38-4850-A51F-EE67270D2B89}"
EndProject
Global
	GlobalSection(SolutionConfigurationPlatforms) = preSolution
		Debug|Any CPU = Debug|Any CPU
		Release|Any CPU = Release|Any CPU
	EndGlobalSection
	GlobalSection(ProjectConfigurationPlatforms) = postSolution
		{30B27481-CE38-4850-A51F-EE67270D2B89}.Debug|Any CPU.ActiveCfg = Debug|Any CPU
		{30B27481-CE38-4850-A51F-EE67270D2B89}.Debug|Any CPU.Build.0 = Debug|Any CPU
		{30B27481-CE38-4850-A51F-EE67270D2B89}.Release|Any CPU.ActiveCfg = Release|Any CPU
		{30B27481-CE38-4850-A51F-EE67270D2B89}.Release|Any CPU.Build.0 = Release|Any CPU
	EndGlobalSection
	GlobalSection(SolutionProperties) = preSolution
		HideSolutionNode = FALSE
	EndGlobalSection
	GlobalSection(ExtensibilityGlobals) = postSolution
		SolutionGuid = {439754A7-10B6-4B3A-9C0B-3D7F1865E6C2}
	EndGlobalSection
EndGlobal
